// !$*UTF8*$!
{
	archiveVersion = 1;
	classes = {
	};
	objectVersion = 46;
	objects = {

/* Begin PBXBuildFile section */
		ADFCB9A41F733D5E00BE693C /* AppDelegate.swift in Sources */ = {isa = PBXBuildFile; fileRef = ADFCB9A31F733D5E00BE693C /* AppDelegate.swift */; };
		ADFCB9A61F733D5E00BE693C /* ViewController.swift in Sources */ = {isa = PBXBuildFile; fileRef = ADFCB9A51F733D5E00BE693C /* ViewController.swift */; };
		ADFCB9A91F733D5E00BE693C /* Main.storyboard in Resources */ = {isa = PBXBuildFile; fileRef = ADFCB9A71F733D5E00BE693C /* Main.storyboard */; };
		ADFCB9AB1F733D5F00BE693C /* Assets.xcassets in Resources */ = {isa = PBXBuildFile; fileRef = ADFCB9AA1F733D5F00BE693C /* Assets.xcassets */; };
		ADFCB9AE1F733D5F00BE693C /* LaunchScreen.storyboard in Resources */ = {isa = PBXBuildFile; fileRef = ADFCB9AC1F733D5F00BE693C /* LaunchScreen.storyboard */; };
		ADFCB9B61F733DF500BE693C /* ExpandableTextView.swift in Sources */ = {isa = PBXBuildFile; fileRef = ADFCB9B51F733DF500BE693C /* ExpandableTextView.swift */; };
		ADFCB9B81F733E0200BE693C /* ExpandableTextView.xib in Resources */ = {isa = PBXBuildFile; fileRef = ADFCB9B71F733E0200BE693C /* ExpandableTextView.xib */; };
/* End PBXBuildFile section */

/* Begin PBXFileReference section */
		ADFCB9A01F733D5E00BE693C /* ExpandableTextViewSample.app */ = {isa = PBXFileReference; explicitFileType = wrapper.application; includeInIndex = 0; path = ExpandableTextViewSample.app; sourceTree = BUILT_PRODUCTS_DIR; };
		ADFCB9A31F733D5E00BE693C /* AppDelegate.swift */ = {isa = PBXFileReference; lastKnownFileType = sourcecode.swift; path = AppDelegate.swift; sourceTree = "<group>"; };
		ADFCB9A51F733D5E00BE693C /* ViewController.swift */ = {isa = PBXFileReference; lastKnownFileType = sourcecode.swift; path = ViewController.swift; sourceTree = "<group>"; };
		ADFCB9A81F733D5E00BE693C /* Base */ = {isa = PBXFileReference; lastKnownFileType = file.storyboard; name = Base; path = Base.lproj/Main.storyboard; sourceTree = "<group>"; };
		ADFCB9AA1F733D5F00BE693C /* Assets.xcassets */ = {isa = PBXFileReference; lastKnownFileType = folder.assetcatalog; path = Assets.xcassets; sourceTree = "<group>"; };
		ADFCB9AD1F733D5F00BE693C /* Base */ = {isa = PBXFileReference; lastKnownFileType = file.storyboard; name = Base; path = Base.lproj/LaunchScreen.storyboard; sourceTree = "<group>"; };
		ADFCB9AF1F733D5F00BE693C /* Info.plist */ = {isa = PBXFileReference; lastKnownFileType = text.plist.xml; path = Info.plist; sourceTree = "<group>"; };
		ADFCB9B51F733DF500BE693C /* ExpandableTextView.swift */ = {isa = PBXFileReference; fileEncoding = 4; lastKnownFileType = sourcecode.swift; path = ExpandableTextView.swift; sourceTree = "<group>"; };
		ADFCB9B71F733E0200BE693C /* ExpandableTextView.xib */ = {isa = PBXFileReference; fileEncoding = 4; lastKnownFileType = file.xib; path = ExpandableTextView.xib; sourceTree = "<group>"; };
/* End PBXFileReference section */

/* Begin PBXFrameworksBuildPhase section */
		ADFCB99D1F733D5E00BE693C /* Frameworks */ = {
			isa = PBXFrameworksBuildPhase;
			buildActionMask = 2147483647;
			files = (
			);
			runOnlyForDeploymentPostprocessing = 0;
		};
/* End PBXFrameworksBuildPhase section */

/* Begin PBXGroup section */
		ADFCB9971F733D5E00BE693C = {
			isa = PBXGroup;
			children = (
				ADFCB9A21F733D5E00BE693C /* ExpandableTextViewSample */,
				ADFCB9A11F733D5E00BE693C /* Products */,
			);
			sourceTree = "<group>";
		};
		ADFCB9A11F733D5E00BE693C /* Products */ = {
			isa = PBXGroup;
			children = (
				ADFCB9A01F733D5E00BE693C /* ExpandableTextViewSample.app */,
			);
			name = Products;
			sourceTree = "<group>";
		};
		ADFCB9A21F733D5E00BE693C /* ExpandableTextViewSample */ = {
			isa = PBXGroup;
			children = (
				ADFCB9A31F733D5E00BE693C /* AppDelegate.swift */,
				ADFCB9A51F733D5E00BE693C /* ViewController.swift */,
				ADFCB9A71F733D5E00BE693C /* Main.storyboard */,
				ADFCB9B51F733DF500BE693C /* ExpandableTextView.swift */,
				ADFCB9B71F733E0200BE693C /* ExpandableTextView.xib */,
				ADFCB9AA1F733D5F00BE693C /* Assets.xcassets */,
				ADFCB9AC1F733D5F00BE693C /* LaunchScreen.storyboard */,
				ADFCB9AF1F733D5F00BE693C /* Info.plist */,
			);
			path = ExpandableTextViewSample;
			sourceTree = "<group>";
		};
/* End PBXGroup section */

/* Begin PBXNativeTarget section */
		ADFCB99F1F733D5E00BE693C /* ExpandableTextViewSample */ = {
			isa = PBXNativeTarget;
			buildConfigurationList = ADFCB9B21F733D5F00BE693C /* Build configuration list for PBXNativeTarget "ExpandableTextViewSample" */;
			buildPhases = (
				ADFCB99C1F733D5E00BE693C /* Sources */,
				ADFCB99D1F733D5E00BE693C /* Frameworks */,
				ADFCB99E1F733D5E00BE693C /* Resources */,
			);
			buildRules = (
			);
			dependencies = (
			);
			name = ExpandableTextViewSample;
			productName = ExpandableTextViewSample;
			productReference = ADFCB9A01F733D5E00BE693C /* ExpandableTextViewSample.app */;
			productType = "com.apple.product-type.application";
		};
/* End PBXNativeTarget section */

/* Begin PBXProject section */
		ADFCB9981F733D5E00BE693C /* Project object */ = {
			isa = PBXProject;
			attributes = {
				LastSwiftUpdateCheck = 0830;
				LastUpgradeCheck = 0830;
				ORGANIZATIONNAME = "JUBILEE WORKS, Inc";
				TargetAttributes = {
					ADFCB99F1F733D5E00BE693C = {
						CreatedOnToolsVersion = 8.3.3;
						DevelopmentTeam = FDN7PKT2ZZ;
						ProvisioningStyle = Automatic;
					};
				};
			};
			buildConfigurationList = ADFCB99B1F733D5E00BE693C /* Build configuration list for PBXProject "ExpandableTextViewSample" */;
			compatibilityVersion = "Xcode 3.2";
			developmentRegion = English;
			hasScannedForEncodings = 0;
			knownRegions = (
				en,
				Base,
			);
			mainGroup = ADFCB9971F733D5E00BE693C;
			productRefGroup = ADFCB9A11F733D5E00BE693C /* Products */;
			projectDirPath = "";
			projectRoot = "";
			targets = (
				ADFCB99F1F733D5E00BE693C /* ExpandableTextViewSample */,
			);
		};
/* End PBXProject section */

/* Begin PBXResourcesBuildPhase section */
		ADFCB99E1F733D5E00BE693C /* Resources */ = {
			isa = PBXResourcesBuildPhase;
			buildActionMask = 2147483647;
			files = (
				ADFCB9AE1F733D5F00BE693C /* LaunchScreen.storyboard in Resources */,
				ADFCB9AB1F733D5F00BE693C /* Assets.xcassets in Resources */,
				ADFCB9A91F733D5E00BE693C /* Main.storyboard in Resources */,
				ADFCB9B81F733E0200BE693C /* ExpandableTextView.xib in Resources */,
			);
			runOnlyForDeploymentPostprocessing = 0;
		};
/* End PBXResourcesBuildPhase section */

/* Begin PBXSourcesBuildPhase section */
		ADFCB99C1F733D5E00BE693C /* Sources */ = {
			isa = PBXSourcesBuildPhase;
			buildActionMask = 2147483647;
			files = (
				ADFCB9A61F733D5E00BE693C /* ViewController.swift in Sources */,
				ADFCB9B61F733DF500BE693C /* ExpandableTextView.swift in Sources */,
				ADFCB9A41F733D5E00BE693C /* AppDelegate.swift in Sources */,
			);
			runOnlyForDeploymentPostprocessing = 0;
		};
/* End PBXSourcesBuildPhase section */

/* Begin PBXVariantGroup section */
		ADFCB9A71F733D5E00BE693C /* Main.storyboard */ = {
			isa = PBXVariantGroup;
			children = (
				ADFCB9A81F733D5E00BE693C /* Base */,
			);
			name = Main.storyboard;
			sourceTree = "<group>";
		};
		ADFCB9AC1F733D5F00BE693C /* LaunchScreen.storyboard */ = {
			isa = PBXVariantGroup;
			children = (
				ADFCB9AD1F733D5F00BE693C /* Base */,
			);
			name = LaunchScreen.storyboard;
			sourceTree = "<group>";
		};
/* End PBXVariantGroup section */

/* Begin XCBuildConfiguration section */
		ADFCB9B01F733D5F00BE693C /* Debug */ = {
			isa = XCBuildConfiguration;
			buildSettings = {
				ALWAYS_SEARCH_USER_PATHS = NO;
				CLANG_ANALYZER_NONNULL = YES;
				CLANG_ANALYZER_NUMBER_OBJECT_CONVERSION = YES_AGGRESSIVE;
				CLANG_CXX_LANGUAGE_STANDARD = "gnu++0x";
				CLANG_CXX_LIBRARY = "libc++";
				CLANG_ENABLE_MODULES = YES;
				CLANG_ENABLE_OBJC_ARC = YES;
				CLANG_WARN_BOOL_CONVERSION = YES;
				CLANG_WARN_CONSTANT_CONVERSION = YES;
				CLANG_WARN_DIRECT_OBJC_ISA_USAGE = YES_ERROR;
				CLANG_WARN_DOCUMENTATION_COMMENTS = YES;
				CLANG_WARN_EMPTY_BODY = YES;
				CLANG_WARN_ENUM_CONVERSION = YES;
				CLANG_WARN_INFINITE_RECURSION = YES;
				CLANG_WARN_INT_CONVERSION = YES;
				CLANG_WARN_OBJC_ROOT_CLASS = YES_ERROR;
				CLANG_WARN_SUSPICIOUS_MOVE = YES;
				CLANG_WARN_UNREACHABLE_CODE = YES;
				CLANG_WARN__DUPLICATE_METHOD_MATCH = YES;
				"CODE_SIGN_IDENTITY[sdk=iphoneos*]" = "iPhone Developer";
				COPY_PHASE_STRIP = NO;
				DEBUG_INFORMATION_FORMAT = dwarf;
				ENABLE_STRICT_OBJC_MSGSEND = YES;
				ENABLE_TESTABILITY = YES;
				GCC_C_LANGUAGE_STANDARD = gnu99;
				GCC_DYNAMIC_NO_PIC = NO;
				GCC_NO_COMMON_BLOCKS = YES;
				GCC_OPTIMIZATION_LEVEL = 0;
				GCC_PREPROCESSOR_DEFINITIONS = (
					"DEBUG=1",
					"$(inherited)",
				);
				GCC_WARN_64_TO_32_BIT_CONVERSION = YES;
				GCC_WARN_ABOUT_RETURN_TYPE = YES_ERROR;
				GCC_WARN_UNDECLARED_SELECTOR = YES;
				GCC_WARN_UNINITIALIZED_AUTOS = YES_AGGRESSIVE;
				GCC_WARN_UNUSED_FUNCTION = YES;
				GCC_WARN_UNUSED_VARIABLE = YES;
				IPHONEOS_DEPLOYMENT_TARGET = 10.3;
				MTL_ENABLE_DEBUG_INFO = YES;
				ONLY_ACTIVE_ARCH = YES;
				SDKROOT = iphoneos;
				SWIFT_ACTIVE_COMPILATION_CONDITIONS = DEBUG;
				SWIFT_OPTIMIZATION_LEVEL = "-Onone";
			};
			name = Debug;
		};
		ADFCB9B11F733D5F00BE693C /* Release */ = {
			isa = XCBuildConfiguration;
			buildSettings = {
				ALWAYS_SEARCH_USER_PATHS = NO;
				CLANG_ANALYZER_NONNULL = YES;
				CLANG_ANALYZER_NUMBER_OBJECT_CONVERSION = YES_AGGRESSIVE;
				CLANG_CXX_LANGUAGE_STANDARD = "gnu++0x";
				CLANG_CXX_LIBRARY = "libc++";
				CLANG_ENABLE_MODULES = YES;
				CLANG_ENABLE_OBJC_ARC = YES;
				CLANG_WARN_BOOL_CONVERSION = YES;
				CLANG_WARN_CONSTANT_CONVERSION = YES;
				CLANG_WARN_DIRECT_OBJC_ISA_USAGE = YES_ERROR;
				CLANG_WARN_DOCUMENTATION_COMMENTS = YES;
				CLANG_WARN_EMPTY_BODY = YES;
				CLANG_WARN_ENUM_CONVERSION = YES;
				CLANG_WARN_INFINITE_RECURSION = YES;
				CLANG_WARN_INT_CONVERSION = YES;
				CLANG_WARN_OBJC_ROOT_CLASS = YES_ERROR;
				CLANG_WARN_SUSPICIOUS_MOVE = YES;
				CLANG_WARN_UNREACHABLE_CODE = YES;
				CLANG_WARN__DUPLICATE_METHOD_MATCH = YES;
				"CODE_SIGN_IDENTITY[sdk=iphoneos*]" = "iPhone Developer";
				COPY_PHASE_STRIP = NO;
				DEBUG_INFORMATION_FORMAT = "dwarf-with-dsym";
				ENABLE_NS_ASSERTIONS = NO;
				ENABLE_STRICT_OBJC_MSGSEND = YES;
				GCC_C_LANGUAGE_STANDARD = gnu99;
				GCC_NO_COMMON_BLOCKS = YES;
				GCC_WARN_64_TO_32_BIT_CONVERSION = YES;
				GCC_WARN_ABOUT_RETURN_TYPE = YES_ERROR;
				GCC_WARN_UNDECLARED_SELECTOR = YES;
				GCC_WARN_UNINITIALIZED_AUTOS = YES_AGGRESSIVE;
				GCC_WARN_UNUSED_FUNCTION = YES;
				GCC_WARN_UNUSED_VARIABLE = YES;
				IPHONEOS_DEPLOYMENT_TARGET = 10.3;
				MTL_ENABLE_DEBUG_INFO = NO;
				SDKROOT = iphoneos;
				SWIFT_OPTIMIZATION_LEVEL = "-Owholemodule";
				VALIDATE_PRODUCT = YES;
			};
			name = Release;
		};
		ADFCB9B31F733D5F00BE693C /* Debug */ = {
			isa = XCBuildConfiguration;
			buildSettings = {
				ASSETCATALOG_COMPILER_APPICON_NAME = AppIcon;
				DEVELOPMENT_TEAM = FDN7PKT2ZZ;
				INFOPLIST_FILE = ExpandableTextViewSample/Info.plist;
				LD_RUNPATH_SEARCH_PATHS = "$(inherited) @executable_path/Frameworks";
				PRODUCT_BUNDLE_IDENTIFIER = works.jubilee.ExpandableTextViewSample;
				PRODUCT_NAME = "$(TARGET_NAME)";
				SWIFT_VERSION = 3.0;
			};
			name = Debug;
		};
		ADFCB9B41F733D5F00BE693C /* Release */ = {
			isa = XCBuildConfiguration;
			buildSettings = {
				ASSETCATALOG_COMPILER_APPICON_NAME = AppIcon;
				DEVELOPMENT_TEAM = FDN7PKT2ZZ;
				INFOPLIST_FILE = ExpandableTextViewSample/Info.plist;
				LD_RUNPATH_SEARCH_PATHS = "$(inherited) @executable_path/Frameworks";
				PRODUCT_BUNDLE_IDENTIFIER = works.jubilee.ExpandableTextViewSample;
				PRODUCT_NAME = "$(TARGET_NAME)";
				SWIFT_VERSION = 3.0;
			};
			name = Release;
		};
/* End XCBuildConfiguration section */

/* Begin XCConfigurationList section */
		ADFCB99B1F733D5E00BE693C /* Build configuration list for PBXProject "ExpandableTextViewSample" */ = {
			isa = XCConfigurationList;
			buildConfigurations = (
				ADFCB9B01F733D5F00BE693C /* Debug */,
				ADFCB9B11F733D5F00BE693C /* Release */,
			);
			defaultConfigurationIsVisible = 0;
			defaultConfigurationName = Release;
		};
		ADFCB9B21F733D5F00BE693C /* Build configuration list for PBXNativeTarget "ExpandableTextViewSample" */ = {
			isa = XCConfigurationList;
			buildConfigurations = (
				ADFCB9B31F733D5F00BE693C /* Debug */,
				ADFCB9B41F733D5F00BE693C /* Release */,
			);
			defaultConfigurationIsVisible = 0;
		};
/* End XCConfigurationList section */
	};
	rootObject = ADFCB9981F733D5E00BE693C /* Project object */;
}
